
Microsoft Visual Studio Solution File, Format Version 12.00
# Visual Studio Version 17
VisualStudioVersion = 17.6.33801.468
MinimumVisualStudioVersion = 10.0.40219.1
Project("{FAE04EC0-301F-11D3-BF4B-00C04F79EFBC}") = "Presentation", "Presentation\Presentation.csproj", "{3ADA6DF5-391F-447C-A59A-B9F6B9C147D8}"
EndProject
Project("{FAE04EC0-301F-11D3-BF4B-00C04F79EFBC}") = "Application", "Application\Application.csproj", "{3A58B70E-8237-4A76-877F-3ECB9B820D00}"
EndProject
Project("{FAE04EC0-301F-11D3-BF4B-00C04F79EFBC}") = "Domain", "Domain\Domain.csproj", "{64C00706-A9D2-4DB6-84AF-3D0550FE464E}"
EndProject
Project("{FAE04EC0-301F-11D3-BF4B-00C04F79EFBC}") = "Infrastructure", "Infrastructure\Infrastructure.csproj", "{77DE2098-C5A3-4950-AEB1-22212A238910}"
EndProject
Global
	GlobalSection(SolutionConfigurationPlatforms) = preSolution
		Debug|Any CPU = Debug|Any CPU
		Release|Any CPU = Release|Any CPU
	EndGlobalSection
	GlobalSection(ProjectConfigurationPlatforms) = postSolution
		{3ADA6DF5-391F-447C-A59A-B9F6B9C147D8}.Debug|Any CPU.ActiveCfg = Debug|Any CPU
		{3ADA6DF5-391F-447C-A59A-B9F6B9C147D8}.Debug|Any CPU.Build.0 = Debug|Any CPU
		{3ADA6DF5-391F-447C-A59A-B9F6B9C147D8}.Release|Any CPU.ActiveCfg = Release|Any CPU
		{3ADA6DF5-391F-447C-A59A-B9F6B9C147D8}.Release|Any CPU.Build.0 = Release|Any CPU
		{3A58B70E-8237-4A76-877F-3ECB9B820D00}.Debug|Any CPU.ActiveCfg = Debug|Any CPU
		{3A58B70E-8237-4A76-877F-3ECB9B820D00}.Debug|Any CPU.Build.0 = Debug|Any CPU
		{3A58B70E-8237-4A76-877F-3ECB9B820D00}.Release|Any CPU.ActiveCfg = Release|Any CPU
		{3A58B70E-8237-4A76-877F-3ECB9B820D00}.Release|Any CPU.Build.0 = Release|Any CPU
		{64C00706-A9D2-4DB6-84AF-3D0550FE464E}.Debug|Any CPU.ActiveCfg = Debug|Any CPU
		{64C00706-A9D2-4DB6-84AF-3D0550FE464E}.Debug|Any CPU.Build.0 = Debug|Any CPU
		{64C00706-A9D2-4DB6-84AF-3D0550FE464E}.Release|Any CPU.ActiveCfg = Release|Any CPU
		{64C00706-A9D2-4DB6-84AF-3D0550FE464E}.Release|Any CPU.Build.0 = Release|Any CPU
		{77DE2098-C5A3-4950-AEB1-22212A238910}.Debug|Any CPU.ActiveCfg = Debug|Any CPU
		{77DE2098-C5A3-4950-AEB1-22212A238910}.Debug|Any CPU.Build.0 = Debug|Any CPU
		{77DE2098-C5A3-4950-AEB1-22212A238910}.Release|Any CPU.ActiveCfg = Release|Any CPU
		{77DE2098-C5A3-4950-AEB1-22212A238910}.Release|Any CPU.Build.0 = Release|Any CPU
	EndGlobalSection
	GlobalSection(SolutionProperties) = preSolution
		HideSolutionNode = FALSE
	EndGlobalSection
	GlobalSection(ExtensibilityGlobals) = postSolution
		SolutionGuid = {F52C1942-0AF2-43B3-AB36-683E4DC37513}
	EndGlobalSection
EndGlobal
